
Microsoft Visual Studio Solution File, Format Version 12.00
# Visual Studio 15
VisualStudioVersion = 15.0.26430.12
MinimumVisualStudioVersion = 10.0.40219.1
Project("{FAE04EC0-301F-11D3-BF4B-00C04F79EFBC}") = "ReflexMap", "ReflexMap\ReflexMap.csproj", "{921CFB5B-B365-4F48-A39B-D15ECB73E44D}"
	ProjectSection(ProjectDependencies) = postProject
		{C03B3946-8862-4129-8A32-D27E4659BFBA} = {C03B3946-8862-4129-8A32-D27E4659BFBA}
	EndProjectSection
EndProject
Project("{FAE04EC0-301F-11D3-BF4B-00C04F79EFBC}") = "TestMap", "TestMap\TestMap.csproj", "{0BE30741-F168-483B-968D-A29935B48464}"
	ProjectSection(ProjectDependencies) = postProject
		{921CFB5B-B365-4F48-A39B-D15ECB73E44D} = {921CFB5B-B365-4F48-A39B-D15ECB73E44D}
	EndProjectSection
EndProject
Project("{FAE04EC0-301F-11D3-BF4B-00C04F79EFBC}") = "GeoJSON", "GeoJSON\GeoJSON.csproj", "{C03B3946-8862-4129-8A32-D27E4659BFBA}"
EndProject
Global
	GlobalSection(SolutionConfigurationPlatforms) = preSolution
		Debug|Any CPU = Debug|Any CPU
		Release|Any CPU = Release|Any CPU
	EndGlobalSection
	GlobalSection(ProjectConfigurationPlatforms) = postSolution
		{921CFB5B-B365-4F48-A39B-D15ECB73E44D}.Debug|Any CPU.ActiveCfg = Debug|Any CPU
		{921CFB5B-B365-4F48-A39B-D15ECB73E44D}.Debug|Any CPU.Build.0 = Debug|Any CPU
		{921CFB5B-B365-4F48-A39B-D15ECB73E44D}.Release|Any CPU.ActiveCfg = Release|Any CPU
		{921CFB5B-B365-4F48-A39B-D15ECB73E44D}.Release|Any CPU.Build.0 = Release|Any CPU
		{0BE30741-F168-483B-968D-A29935B48464}.Debug|Any CPU.ActiveCfg = Debug|Any CPU
		{0BE30741-F168-483B-968D-A29935B48464}.Debug|Any CPU.Build.0 = Debug|Any CPU
		{0BE30741-F168-483B-968D-A29935B48464}.Release|Any CPU.ActiveCfg = Release|Any CPU
		{0BE30741-F168-483B-968D-A29935B48464}.Release|Any CPU.Build.0 = Release|Any CPU
		{C03B3946-8862-4129-8A32-D27E4659BFBA}.Debug|Any CPU.ActiveCfg = Debug|Any CPU
		{C03B3946-8862-4129-8A32-D27E4659BFBA}.Debug|Any CPU.Build.0 = Debug|Any CPU
		{C03B3946-8862-4129-8A32-D27E4659BFBA}.Release|Any CPU.ActiveCfg = Release|Any CPU
		{C03B3946-8862-4129-8A32-D27E4659BFBA}.Release|Any CPU.Build.0 = Release|Any CPU
	EndGlobalSection
	GlobalSection(SolutionProperties) = preSolution
		HideSolutionNode = FALSE
	EndGlobalSection
EndGlobal
